# This file is automatically @generated by Cargo.
# It is not intended for manual editing.
[[package]]
name = "IndyVotingAppTEE"
version = "0.1.0"
dependencies = [
 "optee-teec",
]

[[package]]
name = "hex"
version = "0.3.2"
source = "registry+https://github.com/rust-lang/crates.io-index"
checksum = "805026a5d0141ffc30abb3be3173848ad46a1b1664fe632428479619a3644d77"

[[package]]
name = "libc"
version = "0.2.83"
source = "registry+https://github.com/rust-lang/crates.io-index"
checksum = "7eb0c4e9c72ee9d69b767adebc5f4788462a3b45624acd919475c92597bcaf4f"

[[package]]
name = "optee-teec"
version = "0.0.1"
source = "registry+https://github.com/rust-lang/crates.io-index"
checksum = "e1f8d40aee7f8e4d80da9985984059406336dd40978c0900d5298e9fd87590c5"
dependencies = [
 "hex",
 "libc",
 "optee-teec-sys",
 "uuid",
]

[[package]]
name = "optee-teec-sys"
version = "0.0.1"
source = "registry+https://github.com/rust-lang/crates.io-index"
checksum = "849d4b11c7feaddab09a7cafaa8e100e30d408567be439932f6f00f10a5b4511"
dependencies = [
 "libc",
]

[[package]]
name = "uuid"
version = "0.7.4"
source = "registry+https://github.com/rust-lang/crates.io-index"
checksum = "90dbc611eb48397705a6b0f6e917da23ae517e4d127123d2cf7674206627d32a"
